
Microsoft Visual Studio Solution File, Format Version 12.00
# Visual Studio Version 16
VisualStudioVersion = 16.0.33328.57
MinimumVisualStudioVersion = 10.0.40219.1
Project("{FAE04EC0-301F-11D3-BF4B-00C04F79EFBC}") = "Hotel Booking System", "Hotel Booking System\Hotel Booking System.csproj", "{018459BC-46AB-4128-8F3B-12B9459006AA}"
EndProject
Global
	GlobalSection(SolutionConfigurationPlatforms) = preSolution
		Debug|Any CPU = Debug|Any CPU
		Release|Any CPU = Release|Any CPU
	EndGlobalSection
	GlobalSection(ProjectConfigurationPlatforms) = postSolution
		{018459BC-46AB-4128-8F3B-12B9459006AA}.Debug|Any CPU.ActiveCfg = Debug|Any CPU
		{018459BC-46AB-4128-8F3B-12B9459006AA}.Debug|Any CPU.Build.0 = Debug|Any CPU
		{018459BC-46AB-4128-8F3B-12B9459006AA}.Release|Any CPU.ActiveCfg = Release|Any CPU
		{018459BC-46AB-4128-8F3B-12B9459006AA}.Release|Any CPU.Build.0 = Release|Any CPU
	EndGlobalSection
	GlobalSection(SolutionProperties) = preSolution
		HideSolutionNode = FALSE
	EndGlobalSection
	GlobalSection(ExtensibilityGlobals) = postSolution
		SolutionGuid = {E243B078-4F0D-4E72-A2CD-C5B7D9148757}
	EndGlobalSection
EndGlobal
